{
  "R": {
    "Version": "4.5.0",
    "Repositories": [
      {
        "Name": "CRAN",
        "URL": "https://p3m.dev/cran/latest"
      }
    ]
  },
  "Packages": {
    "R6": {
      "Package": "R6",
      "Version": "2.6.1",
      "Source": "Repository",
      "Repository": "RSPM",
      "Requirements": [
        "R"
      ],
      "Hash": "d4335fe7207f1c01ab8c41762f5840d4"
    },
    "assertthat": {
      "Package": "assertthat",
      "Version": "0.2.1",
      "Source": "Repository",
      "Repository": "CRAN",
      "Requirements": [
        "tools"
      ],
      "Hash": "50c838a310445e954bc13f26f26a6ecf"
    },
    "base64enc": {
      "Package": "base64enc",
      "Version": "0.1-3",
      "Source": "Repository",
      "Repository": "CRAN",
      "Requirements": [
        "R"
      ],
      "Hash": "543776ae6848fde2f48ff3816d0628bc"
    },
    "bslib": {
      "Package": "bslib",
      "Version": "0.9.0",
      "Source": "Repository",
      "Repository": "RSPM",
      "Requirements": [
        "R",
        "base64enc",
        "cachem",
        "fastmap",
        "grDevices",
        "htmltools",
        "jquerylib",
        "jsonlite",
        "lifecycle",
        "memoise",
        "mime",
        "rlang",
        "sass"
      ],
      "Hash": "70a6489cc254171fb9b4a7f130f44dca"
    },
    "cachem": {
      "Package": "cachem",
      "Version": "1.1.0",
      "Source": "Repository",
      "Repository": "CRAN",
      "Requirements": [
        "fastmap",
        "rlang"
      ],
      "Hash": "cd9a672193789068eb5a2aad65a0dedf"
    },
    "cli": {
      "Package": "cli",
      "Version": "3.6.5",
      "Source": "Repository",
      "Repository": "RSPM",
      "Requirements": [
        "R",
        "utils"
      ],
      "Hash": "16850760556401a2eeb27d39bd11c9cb"
    },
    "cpp11": {
      "Package": "cpp11",
      "Version": "0.5.2",
      "Source": "Repository",
      "Repository": "RSPM",
      "Requirements": [
        "R"
      ],
      "Hash": "2720e3fd3dad08f34b19b56b3d6f073d"
    },
    "crayon": {
      "Package": "crayon",
      "Version": "1.5.3",
      "Source": "Repository",
      "Repository": "CRAN",
      "Requirements": [
        "grDevices",
        "methods",
        "utils"
      ],
      "Hash": "859d96e65ef198fd43e82b9628d593ef"
    },
    "digest": {
      "Package": "digest",
      "Version": "0.6.37",
      "Source": "Repository",
      "Repository": "RSPM",
      "Requirements": [
        "R",
        "utils"
      ],
      "Hash": "33698c4b3127fc9f506654607fb73676"
    },
    "emo": {
      "Package": "emo",
      "Version": "0.0.0.9000",
      "Source": "git",
      "RemoteType": "git",
      "RemoteUrl": "https://github.com/hadley/emo",
      "RemoteHost": "api.github.com",
      "RemoteUsername": "hadley",
      "RemoteRepo": "emo",
      "RemoteRef": "master",
      "RemoteSha": "3f03b11491ce3d6fc5601e210927eff73bf8e350",
      "Requirements": [
        "R",
        "assertthat",
        "crayon",
        "glue",
        "lubridate",
        "magrittr",
        "purrr",
        "rlang",
        "stringr",
        "utils"
      ],
      "Hash": "eb32b8f0bb50621ad498f5d836b546a4"
    },
    "evaluate": {
      "Package": "evaluate",
      "Version": "1.0.3",
      "Source": "Repository",
      "Repository": "RSPM",
      "Requirements": [
        "R"
      ],
      "Hash": "e9651417729bbe7472e32b5027370e79"
    },
    "fastmap": {
      "Package": "fastmap",
      "Version": "1.2.0",
      "Source": "Repository",
      "Repository": "CRAN",
      "Hash": "aa5e1cd11c2d15497494c5292d7ffcc8"
    },
    "fontawesome": {
      "Package": "fontawesome",
      "Version": "0.5.3",
      "Source": "Repository",
      "Repository": "RSPM",
      "Requirements": [
        "R",
        "htmltools",
        "rlang"
      ],
      "Hash": "bd1297f9b5b1fc1372d19e2c4cd82215"
    },
    "fs": {
      "Package": "fs",
      "Version": "1.6.6",
      "Source": "Repository",
      "Repository": "RSPM",
      "Requirements": [
        "R",
        "methods"
      ],
      "Hash": "7eb1e342eee7e0a7449c49cdaa526d39"
    },
    "generics": {
      "Package": "generics",
      "Version": "0.1.4",
      "Source": "Repository",
      "Repository": "CRAN",
      "Requirements": [
        "R",
        "methods"
      ],
      "Hash": "4b29bf698d0c7bdb9f1e4976e7ade41d"
    },
    "git2r": {
      "Package": "git2r",
      "Version": "0.36.2",
      "Source": "Repository",
      "Repository": "CRAN",
      "Requirements": [
        "R",
        "graphics",
        "utils"
      ],
      "Hash": "3e1959a7caa0af97272c04f8313cdf84"
    },
    "glue": {
      "Package": "glue",
      "Version": "1.8.0",
      "Source": "Repository",
      "Repository": "RSPM",
      "Requirements": [
        "R",
        "methods"
      ],
      "Hash": "5899f1eaa825580172bb56c08266f37c"
    },
    "highr": {
      "Package": "highr",
      "Version": "0.11",
      "Source": "Repository",
      "Repository": "CRAN",
      "Requirements": [
        "R",
        "xfun"
      ],
      "Hash": "d65ba49117ca223614f71b60d85b8ab7"
    },
    "htmltools": {
      "Package": "htmltools",
      "Version": "0.5.8.1",
      "Source": "Repository",
      "Repository": "CRAN",
      "Requirements": [
        "R",
        "base64enc",
        "digest",
        "fastmap",
        "grDevices",
        "rlang",
        "utils"
      ],
      "Hash": "81d371a9cc60640e74e4ab6ac46dcedc"
    },
    "jquerylib": {
      "Package": "jquerylib",
      "Version": "0.1.4",
      "Source": "Repository",
      "Repository": "CRAN",
      "Requirements": [
        "htmltools"
      ],
      "Hash": "5aab57a3bd297eee1c1d862735972182"
    },
    "jsonlite": {
      "Package": "jsonlite",
      "Version": "2.0.0",
      "Source": "Repository",
      "Repository": "RSPM",
      "Requirements": [
        "methods"
      ],
      "Hash": "b0776f526d36d8bd4a3344a88fe165c4"
    },
    "knitr": {
      "Package": "knitr",
      "Version": "1.50",
      "Source": "Repository",
      "Repository": "RSPM",
      "Requirements": [
        "R",
        "evaluate",
        "highr",
        "methods",
        "tools",
        "xfun",
        "yaml"
      ],
      "Hash": "5a07d8ec459d7b80bd4acca5f4a6e062"
    },
    "lifecycle": {
      "Package": "lifecycle",
      "Version": "1.0.4",
      "Source": "Repository",
      "Repository": "CRAN",
      "Requirements": [
        "R",
        "cli",
        "glue",
        "rlang"
      ],
      "Hash": "b8552d117e1b808b09a832f589b79035"
    },
    "lubridate": {
      "Package": "lubridate",
      "Version": "1.9.4",
      "Source": "Repository",
      "Repository": "https://packagemanager.posit.co/cran/latest",
      "Requirements": [
        "R",
        "generics",
        "methods",
        "timechange"
      ],
      "Hash": "be38bc740fc51783a78edb5a157e4104"
    },
    "magrittr": {
      "Package": "magrittr",
      "Version": "2.0.3",
      "Source": "Repository",
      "Repository": "CRAN",
      "Requirements": [
        "R"
      ],
      "Hash": "7ce2733a9826b3aeb1775d56fd305472"
    },
    "memoise": {
      "Package": "memoise",
      "Version": "2.0.1",
      "Source": "Repository",
      "Repository": "CRAN",
      "Requirements": [
        "cachem",
        "rlang"
      ],
      "Hash": "e2817ccf4a065c5d9d7f2cfbe7c1d78c"
    },
    "mime": {
      "Package": "mime",
      "Version": "0.13",
      "Source": "Repository",
      "Repository": "RSPM",
      "Requirements": [
        "tools"
      ],
      "Hash": "0ec19f34c72fab674d8f2b4b1c6410e1"
    },
    "purrr": {
      "Package": "purrr",
      "Version": "1.0.4",
      "Source": "Repository",
      "Repository": "RSPM",
      "Requirements": [
        "R",
        "cli",
        "lifecycle",
        "magrittr",
        "rlang",
        "vctrs"
      ],
      "Hash": "cc8b5d43f90551fa6df0a6be5d640a4f"
    },
    "rappdirs": {
      "Package": "rappdirs",
      "Version": "0.3.3",
      "Source": "Repository",
      "Repository": "CRAN",
      "Requirements": [
        "R"
      ],
      "Hash": "5e3c5dc0b071b21fa128676560dbe94d"
    },
    "renv": {
      "Package": "renv",
      "Version": "1.0.7",
      "Source": "Repository",
      "Repository": "RSPM",
      "Requirements": [
        "utils"
      ],
      "Hash": "397b7b2a265bc5a7a06852524dabae20"
    },
    "rlang": {
      "Package": "rlang",
      "Version": "1.1.6",
      "Source": "Repository",
      "Repository": "RSPM",
      "Requirements": [
        "R",
        "utils"
      ],
      "Hash": "892124978869b74935dc3934c42bfe5a"
    },
    "rmarkdown": {
      "Package": "rmarkdown",
      "Version": "2.29",
      "Source": "Repository",
      "Repository": "RSPM",
      "Requirements": [
        "R",
        "bslib",
        "evaluate",
        "fontawesome",
        "htmltools",
        "jquerylib",
        "jsonlite",
        "knitr",
        "methods",
        "tinytex",
        "tools",
        "utils",
        "xfun",
        "yaml"
      ],
      "Hash": "df99277f63d01c34e95e3d2f06a79736"
    },
    "sass": {
      "Package": "sass",
      "Version": "0.4.10",
      "Source": "Repository",
      "Repository": "RSPM",
      "Requirements": [
        "R6",
        "fs",
        "htmltools",
        "rappdirs",
        "rlang"
      ],
      "Hash": "3fb78d066fb92299b1d13f6a7c9a90a8"
    },
    "sessioninfo": {
      "Package": "sessioninfo",
      "Version": "1.2.3",
      "Source": "Repository",
      "Repository": "CRAN",
      "Requirements": [
        "R",
        "cli",
        "tools",
        "utils"
      ],
      "Hash": "bf169c6e52cdbded916e448dc1254913"
    },
    "stringi": {
      "Package": "stringi",
      "Version": "1.8.7",
      "Source": "Repository",
      "Repository": "https://packagemanager.posit.co/cran/latest",
      "Requirements": [
        "R",
        "stats",
        "tools",
        "utils"
      ],
      "Hash": "2b56088e23bdd58f89aebf43a0913457"
    },
    "stringr": {
      "Package": "stringr",
      "Version": "1.5.1",
      "Source": "Repository",
      "Repository": "https://packagemanager.posit.co/cran/latest",
      "Requirements": [
        "R",
        "cli",
        "glue",
        "lifecycle",
        "magrittr",
        "rlang",
        "stringi",
        "vctrs"
      ],
      "Hash": "960e2ae9e09656611e0b8214ad543207"
    },
    "timechange": {
      "Package": "timechange",
      "Version": "0.3.0",
      "Source": "Repository",
      "Repository": "https://packagemanager.posit.co/cran/latest",
      "Requirements": [
        "R",
        "cpp11"
      ],
      "Hash": "c5f3c201b931cd6474d17d8700ccb1c8"
    },
    "tinytex": {
      "Package": "tinytex",
      "Version": "0.57",
      "Source": "Repository",
      "Repository": "RSPM",
      "Requirements": [
        "xfun"
      ],
      "Hash": "02d65e0c0415bf36a7ddc0d2ba50a840"
    },
    "vctrs": {
      "Package": "vctrs",
      "Version": "0.6.5",
      "Source": "Repository",
      "Repository": "CRAN",
      "Requirements": [
        "R",
        "cli",
        "glue",
        "lifecycle",
        "rlang"
      ],
      "Hash": "c03fa420630029418f7e6da3667aac4a"
    },
    "xfun": {
      "Package": "xfun",
      "Version": "0.52",
      "Source": "Repository",
      "Repository": "RSPM",
      "Requirements": [
        "R",
        "grDevices",
        "stats",
        "tools"
      ],
      "Hash": "652ce36fe7d57688e6786819b09d9190"
    },
    "yaml": {
      "Package": "yaml",
      "Version": "2.3.10",
      "Source": "Repository",
      "Repository": "CRAN",
      "Hash": "51dab85c6c98e50a18d7551e9d49f76c"
    }
  }
}
